// !$*UTF8*$!
{
	archiveVersion = 1;
	classes = {
	};
	objectVersion = 46;
	objects = {

/* Begin PBXBuildFile section */
		BA8B47EA1A3A7F1C0092CA7E /* column_big.png in Resources */ = {isa = PBXBuildFile; fileRef = BA8B47E91A3A7F1C0092CA7E /* column_big.png */; };
		BA8B47ED1A3A82450092CA7E /* jump.wav in Resources */ = {isa = PBXBuildFile; fileRef = BA8B47EC1A3A82450092CA7E /* jump.wav */; };
		BA8B47F21A3A8F390092CA7E /* OpenSans-CondBold.ttf in Resources */ = {isa = PBXBuildFile; fileRef = BA8B47EF1A3A8EA00092CA7E /* OpenSans-CondBold.ttf */; };
		BA8B47F31A3A8F3C0092CA7E /* OpenSans-CondLight.ttf in Resources */ = {isa = PBXBuildFile; fileRef = BA8B47F01A3A8EA00092CA7E /* OpenSans-CondLight.ttf */; };
		BA8B47F41A3A8F3F0092CA7E /* OpenSans-CondLightItalic.ttf in Resources */ = {isa = PBXBuildFile; fileRef = BA8B47F11A3A8EA00092CA7E /* OpenSans-CondLightItalic.ttf */; };
		BABC40451A3A237D0076D525 /* AppDelegate.swift in Sources */ = {isa = PBXBuildFile; fileRef = BABC40441A3A237D0076D525 /* AppDelegate.swift */; };
		BABC40471A3A237D0076D525 /* GameScene.sks in Resources */ = {isa = PBXBuildFile; fileRef = BABC40461A3A237D0076D525 /* GameScene.sks */; };
		BABC40491A3A237D0076D525 /* GameScene.swift in Sources */ = {isa = PBXBuildFile; fileRef = BABC40481A3A237D0076D525 /* GameScene.swift */; };
		BABC404B1A3A237D0076D525 /* GameViewController.swift in Sources */ = {isa = PBXBuildFile; fileRef = BABC404A1A3A237D0076D525 /* GameViewController.swift */; };
		BABC404E1A3A237D0076D525 /* Main.storyboard in Resources */ = {isa = PBXBuildFile; fileRef = BABC404C1A3A237D0076D525 /* Main.storyboard */; };
		BABC40531A3A237D0076D525 /* LaunchScreen.xib in Resources */ = {isa = PBXBuildFile; fileRef = BABC40511A3A237D0076D525 /* LaunchScreen.xib */; };
		BABC405F1A3A237D0076D525 /* FlappyMunkTests.swift in Sources */ = {isa = PBXBuildFile; fileRef = BABC405E1A3A237D0076D525 /* FlappyMunkTests.swift */; };
		BABC406A1A3A248A0076D525 /* flying_chippy.png in Resources */ = {isa = PBXBuildFile; fileRef = BABC40691A3A248A0076D525 /* flying_chippy.png */; };
		BABC40731A3A5AFD0076D525 /* column_2x.png in Resources */ = {isa = PBXBuildFile; fileRef = BABC40711A3A5AFD0076D525 /* column_2x.png */; };
		BABC40741A3A5AFD0076D525 /* landscape_2x.png in Resources */ = {isa = PBXBuildFile; fileRef = BABC40721A3A5AFD0076D525 /* landscape_2x.png */; };
		BABC40A81A3A62AC0076D525 /* landscape.png in Resources */ = {isa = PBXBuildFile; fileRef = BABC40A71A3A62AC0076D525 /* landscape.png */; };
/* End PBXBuildFile section */

/* Begin PBXContainerItemProxy section */
		BABC40591A3A237D0076D525 /* PBXContainerItemProxy */ = {
			isa = PBXContainerItemProxy;
			containerPortal = BABC40371A3A237D0076D525 /* Project object */;
			proxyType = 1;
			remoteGlobalIDString = BABC403E1A3A237D0076D525;
			remoteInfo = FlappyMunk;
		};
/* End PBXContainerItemProxy section */

/* Begin PBXFileReference section */
		BA8B47E91A3A7F1C0092CA7E /* column_big.png */ = {isa = PBXFileReference; lastKnownFileType = image.png; path = column_big.png; sourceTree = "<group>"; };
		BA8B47EC1A3A82450092CA7E /* jump.wav */ = {isa = PBXFileReference; lastKnownFileType = audio.wav; path = jump.wav; sourceTree = "<group>"; };
		BA8B47EF1A3A8EA00092CA7E /* OpenSans-CondBold.ttf */ = {isa = PBXFileReference; lastKnownFileType = file; path = "OpenSans-CondBold.ttf"; sourceTree = "<group>"; };
		BA8B47F01A3A8EA00092CA7E /* OpenSans-CondLight.ttf */ = {isa = PBXFileReference; lastKnownFileType = file; path = "OpenSans-CondLight.ttf"; sourceTree = "<group>"; };
		BA8B47F11A3A8EA00092CA7E /* OpenSans-CondLightItalic.ttf */ = {isa = PBXFileReference; lastKnownFileType = file; path = "OpenSans-CondLightItalic.ttf"; sourceTree = "<group>"; };
		BABC403F1A3A237D0076D525 /* FlappyMunk.app */ = {isa = PBXFileReference; explicitFileType = wrapper.application; includeInIndex = 0; path = FlappyMunk.app; sourceTree = BUILT_PRODUCTS_DIR; };
		BABC40431A3A237D0076D525 /* Info.plist */ = {isa = PBXFileReference; lastKnownFileType = text.plist.xml; path = Info.plist; sourceTree = "<group>"; };
		BABC40441A3A237D0076D525 /* AppDelegate.swift */ = {isa = PBXFileReference; lastKnownFileType = sourcecode.swift; path = AppDelegate.swift; sourceTree = "<group>"; };
		BABC40461A3A237D0076D525 /* GameScene.sks */ = {isa = PBXFileReference; lastKnownFileType = file.sks; path = GameScene.sks; sourceTree = "<group>"; };
		BABC40481A3A237D0076D525 /* GameScene.swift */ = {isa = PBXFileReference; lastKnownFileType = sourcecode.swift; path = GameScene.swift; sourceTree = "<group>"; };
		BABC404A1A3A237D0076D525 /* GameViewController.swift */ = {isa = PBXFileReference; lastKnownFileType = sourcecode.swift; path = GameViewController.swift; sourceTree = "<group>"; };
		BABC404D1A3A237D0076D525 /* Base */ = {isa = PBXFileReference; lastKnownFileType = file.storyboard; name = Base; path = Base.lproj/Main.storyboard; sourceTree = "<group>"; };
		BABC40521A3A237D0076D525 /* Base */ = {isa = PBXFileReference; lastKnownFileType = file.xib; name = Base; path = Base.lproj/LaunchScreen.xib; sourceTree = "<group>"; };
		BABC40581A3A237D0076D525 /* FlappyMunkTests.xctest */ = {isa = PBXFileReference; explicitFileType = wrapper.cfbundle; includeInIndex = 0; path = FlappyMunkTests.xctest; sourceTree = BUILT_PRODUCTS_DIR; };
		BABC405D1A3A237D0076D525 /* Info.plist */ = {isa = PBXFileReference; lastKnownFileType = text.plist.xml; path = Info.plist; sourceTree = "<group>"; };
		BABC405E1A3A237D0076D525 /* FlappyMunkTests.swift */ = {isa = PBXFileReference; lastKnownFileType = sourcecode.swift; path = FlappyMunkTests.swift; sourceTree = "<group>"; };
		BABC40691A3A248A0076D525 /* flying_chippy.png */ = {isa = PBXFileReference; lastKnownFileType = image.png; path = flying_chippy.png; sourceTree = "<group>"; };
		BABC40711A3A5AFD0076D525 /* column_2x.png */ = {isa = PBXFileReference; lastKnownFileType = image.png; path = column_2x.png; sourceTree = "<group>"; };
		BABC40721A3A5AFD0076D525 /* landscape_2x.png */ = {isa = PBXFileReference; lastKnownFileType = image.png; path = landscape_2x.png; sourceTree = "<group>"; };
		BABC40A71A3A62AC0076D525 /* landscape.png */ = {isa = PBXFileReference; lastKnownFileType = image.png; path = landscape.png; sourceTree = "<group>"; };
/* End PBXFileReference section */

/* Begin PBXFrameworksBuildPhase section */
		BABC403C1A3A237D0076D525 /* Frameworks */ = {
			isa = PBXFrameworksBuildPhase;
			buildActionMask = 2147483647;
			files = (
			);
			runOnlyForDeploymentPostprocessing = 0;
		};
		BABC40551A3A237D0076D525 /* Frameworks */ = {
			isa = PBXFrameworksBuildPhase;
			buildActionMask = 2147483647;
			files = (
			);
			runOnlyForDeploymentPostprocessing = 0;
		};
/* End PBXFrameworksBuildPhase section */

/* Begin PBXGroup section */
		BA8B47EB1A3A82390092CA7E /* Sounds */ = {
			isa = PBXGroup;
			children = (
				BA8B47EC1A3A82450092CA7E /* jump.wav */,
			);
			name = Sounds;
			sourceTree = "<group>";
		};
		BA8B47EE1A3A8E980092CA7E /* Fonts */ = {
			isa = PBXGroup;
			children = (
				BA8B47EF1A3A8EA00092CA7E /* OpenSans-CondBold.ttf */,
				BA8B47F01A3A8EA00092CA7E /* OpenSans-CondLight.ttf */,
				BA8B47F11A3A8EA00092CA7E /* OpenSans-CondLightItalic.ttf */,
			);
			name = Fonts;
			sourceTree = "<group>";
		};
		BABC40361A3A237D0076D525 = {
			isa = PBXGroup;
			children = (
				BABC40411A3A237D0076D525 /* FlappyMunk */,
				BABC405B1A3A237D0076D525 /* FlappyMunkTests */,
				BABC40401A3A237D0076D525 /* Products */,
			);
			sourceTree = "<group>";
		};
		BABC40401A3A237D0076D525 /* Products */ = {
			isa = PBXGroup;
			children = (
				BABC403F1A3A237D0076D525 /* FlappyMunk.app */,
				BABC40581A3A237D0076D525 /* FlappyMunkTests.xctest */,
			);
			name = Products;
			sourceTree = "<group>";
		};
		BABC40411A3A237D0076D525 /* FlappyMunk */ = {
			isa = PBXGroup;
			children = (
				BABC40441A3A237D0076D525 /* AppDelegate.swift */,
				BABC40461A3A237D0076D525 /* GameScene.sks */,
				BABC40481A3A237D0076D525 /* GameScene.swift */,
				BABC404A1A3A237D0076D525 /* GameViewController.swift */,
				BABC404C1A3A237D0076D525 /* Main.storyboard */,
				BABC40511A3A237D0076D525 /* LaunchScreen.xib */,
				BABC40421A3A237D0076D525 /* Supporting Files */,
			);
			path = FlappyMunk;
			sourceTree = "<group>";
		};
		BABC40421A3A237D0076D525 /* Supporting Files */ = {
			isa = PBXGroup;
			children = (
				BA8B47EE1A3A8E980092CA7E /* Fonts */,
				BA8B47EB1A3A82390092CA7E /* Sounds */,
				BABC40681A3A247B0076D525 /* Images */,
				BABC40431A3A237D0076D525 /* Info.plist */,
			);
			name = "Supporting Files";
			sourceTree = "<group>";
		};
		BABC405B1A3A237D0076D525 /* FlappyMunkTests */ = {
			isa = PBXGroup;
			children = (
				BABC405E1A3A237D0076D525 /* FlappyMunkTests.swift */,
				BABC405C1A3A237D0076D525 /* Supporting Files */,
			);
			path = FlappyMunkTests;
			sourceTree = "<group>";
		};
		BABC405C1A3A237D0076D525 /* Supporting Files */ = {
			isa = PBXGroup;
			children = (
				BABC405D1A3A237D0076D525 /* Info.plist */,
			);
			name = "Supporting Files";
			sourceTree = "<group>";
		};
		BABC40681A3A247B0076D525 /* Images */ = {
			isa = PBXGroup;
			children = (
				BABC40A71A3A62AC0076D525 /* landscape.png */,
				BABC40711A3A5AFD0076D525 /* column_2x.png */,
				BA8B47E91A3A7F1C0092CA7E /* column_big.png */,
				BABC40721A3A5AFD0076D525 /* landscape_2x.png */,
				BABC40691A3A248A0076D525 /* flying_chippy.png */,
			);
			name = Images;
			sourceTree = "<group>";
		};
/* End PBXGroup section */

/* Begin PBXNativeTarget section */
		BABC403E1A3A237D0076D525 /* FlappyMunk */ = {
			isa = PBXNativeTarget;
			buildConfigurationList = BABC40621A3A237D0076D525 /* Build configuration list for PBXNativeTarget "FlappyMunk" */;
			buildPhases = (
				BABC403B1A3A237D0076D525 /* Sources */,
				BABC403C1A3A237D0076D525 /* Frameworks */,
				BABC403D1A3A237D0076D525 /* Resources */,
			);
			buildRules = (
			);
			dependencies = (
			);
			name = FlappyMunk;
			productName = FlappyMunk;
			productReference = BABC403F1A3A237D0076D525 /* FlappyMunk.app */;
			productType = "com.apple.product-type.application";
		};
		BABC40571A3A237D0076D525 /* FlappyMunkTests */ = {
			isa = PBXNativeTarget;
			buildConfigurationList = BABC40651A3A237D0076D525 /* Build configuration list for PBXNativeTarget "FlappyMunkTests" */;
			buildPhases = (
				BABC40541A3A237D0076D525 /* Sources */,
				BABC40551A3A237D0076D525 /* Frameworks */,
				BABC40561A3A237D0076D525 /* Resources */,
			);
			buildRules = (
			);
			dependencies = (
				BABC405A1A3A237D0076D525 /* PBXTargetDependency */,
			);
			name = FlappyMunkTests;
			productName = FlappyMunkTests;
			productReference = BABC40581A3A237D0076D525 /* FlappyMunkTests.xctest */;
			productType = "com.apple.product-type.bundle.unit-test";
		};
/* End PBXNativeTarget section */

/* Begin PBXProject section */
		BABC40371A3A237D0076D525 /* Project object */ = {
			isa = PBXProject;
			attributes = {
				LastUpgradeCheck = 0610;
				ORGANIZATIONNAME = geemoo;
				TargetAttributes = {
					BABC403E1A3A237D0076D525 = {
						CreatedOnToolsVersion = 6.1.1;
					};
					BABC40571A3A237D0076D525 = {
						CreatedOnToolsVersion = 6.1.1;
						TestTargetID = BABC403E1A3A237D0076D525;
					};
				};
			};
			buildConfigurationList = BABC403A1A3A237D0076D525 /* Build configuration list for PBXProject "FlappyMunk" */;
			compatibilityVersion = "Xcode 3.2";
			developmentRegion = English;
			hasScannedForEncodings = 0;
			knownRegions = (
				en,
				Base,
			);
			mainGroup = BABC40361A3A237D0076D525;
			productRefGroup = BABC40401A3A237D0076D525 /* Products */;
			projectDirPath = "";
			projectRoot = "";
			targets = (
				BABC403E1A3A237D0076D525 /* FlappyMunk */,
				BABC40571A3A237D0076D525 /* FlappyMunkTests */,
			);
		};
/* End PBXProject section */

/* Begin PBXResourcesBuildPhase section */
		BABC403D1A3A237D0076D525 /* Resources */ = {
			isa = PBXResourcesBuildPhase;
			buildActionMask = 2147483647;
			files = (
				BA8B47ED1A3A82450092CA7E /* jump.wav in Resources */,
				BA8B47F31A3A8F3C0092CA7E /* OpenSans-CondLight.ttf in Resources */,
				BABC406A1A3A248A0076D525 /* flying_chippy.png in Resources */,
				BABC40531A3A237D0076D525 /* LaunchScreen.xib in Resources */,
				BABC40471A3A237D0076D525 /* GameScene.sks in Resources */,
				BA8B47F21A3A8F390092CA7E /* OpenSans-CondBold.ttf in Resources */,
				BA8B47F41A3A8F3F0092CA7E /* OpenSans-CondLightItalic.ttf in Resources */,
				BABC40741A3A5AFD0076D525 /* landscape_2x.png in Resources */,
				BA8B47EA1A3A7F1C0092CA7E /* column_big.png in Resources */,
				BABC404E1A3A237D0076D525 /* Main.storyboard in Resources */,
				BABC40731A3A5AFD0076D525 /* column_2x.png in Resources */,
				BABC40A81A3A62AC0076D525 /* landscape.png in Resources */,
			);
			runOnlyForDeploymentPostprocessing = 0;
		};
		BABC40561A3A237D0076D525 /* Resources */ = {
			isa = PBXResourcesBuildPhase;
			buildActionMask = 2147483647;
			files = (
			);
			runOnlyForDeploymentPostprocessing = 0;
		};
/* End PBXResourcesBuildPhase section */

/* Begin PBXSourcesBuildPhase section */
		BABC403B1A3A237D0076D525 /* Sources */ = {
			isa = PBXSourcesBuildPhase;
			buildActionMask = 2147483647;
			files = (
				BABC40491A3A237D0076D525 /* GameScene.swift in Sources */,
				BABC404B1A3A237D0076D525 /* GameViewController.swift in Sources */,
				BABC40451A3A237D0076D525 /* AppDelegate.swift in Sources */,
			);
			runOnlyForDeploymentPostprocessing = 0;
		};
		BABC40541A3A237D0076D525 /* Sources */ = {
			isa = PBXSourcesBuildPhase;
			buildActionMask = 2147483647;
			files = (
				BABC405F1A3A237D0076D525 /* FlappyMunkTests.swift in Sources */,
			);
			runOnlyForDeploymentPostprocessing = 0;
		};
/* End PBXSourcesBuildPhase section */

/* Begin PBXTargetDependency section */
		BABC405A1A3A237D0076D525 /* PBXTargetDependency */ = {
			isa = PBXTargetDependency;
			target = BABC403E1A3A237D0076D525 /* FlappyMunk */;
			targetProxy = BABC40591A3A237D0076D525 /* PBXContainerItemProxy */;
		};
/* End PBXTargetDependency section */

/* Begin PBXVariantGroup section */
		BABC404C1A3A237D0076D525 /* Main.storyboard */ = {
			isa = PBXVariantGroup;
			children = (
				BABC404D1A3A237D0076D525 /* Base */,
			);
			name = Main.storyboard;
			sourceTree = "<group>";
		};
		BABC40511A3A237D0076D525 /* LaunchScreen.xib */ = {
			isa = PBXVariantGroup;
			children = (
				BABC40521A3A237D0076D525 /* Base */,
			);
			name = LaunchScreen.xib;
			sourceTree = "<group>";
		};
/* End PBXVariantGroup section */

/* Begin XCBuildConfiguration section */
		BABC40601A3A237D0076D525 /* Debug */ = {
			isa = XCBuildConfiguration;
			buildSettings = {
				ALWAYS_SEARCH_USER_PATHS = NO;
				CLANG_CXX_LANGUAGE_STANDARD = "gnu++0x";
				CLANG_CXX_LIBRARY = "libc++";
				CLANG_ENABLE_MODULES = YES;
				CLANG_ENABLE_OBJC_ARC = YES;
				CLANG_WARN_BOOL_CONVERSION = YES;
				CLANG_WARN_CONSTANT_CONVERSION = YES;
				CLANG_WARN_DIRECT_OBJC_ISA_USAGE = YES_ERROR;
				CLANG_WARN_EMPTY_BODY = YES;
				CLANG_WARN_ENUM_CONVERSION = YES;
				CLANG_WARN_INT_CONVERSION = YES;
				CLANG_WARN_OBJC_ROOT_CLASS = YES_ERROR;
				CLANG_WARN_UNREACHABLE_CODE = YES;
				CLANG_WARN__DUPLICATE_METHOD_MATCH = YES;
				"CODE_SIGN_IDENTITY[sdk=iphoneos*]" = "iPhone Developer";
				COPY_PHASE_STRIP = NO;
				ENABLE_STRICT_OBJC_MSGSEND = YES;
				GCC_C_LANGUAGE_STANDARD = gnu99;
				GCC_DYNAMIC_NO_PIC = NO;
				GCC_OPTIMIZATION_LEVEL = 0;
				GCC_PREPROCESSOR_DEFINITIONS = (
					"DEBUG=1",
					"$(inherited)",
				);
				GCC_SYMBOLS_PRIVATE_EXTERN = NO;
				GCC_WARN_64_TO_32_BIT_CONVERSION = YES;
				GCC_WARN_ABOUT_RETURN_TYPE = YES_ERROR;
				GCC_WARN_UNDECLARED_SELECTOR = YES;
				GCC_WARN_UNINITIALIZED_AUTOS = YES_AGGRESSIVE;
				GCC_WARN_UNUSED_FUNCTION = YES;
				GCC_WARN_UNUSED_VARIABLE = YES;
				IPHONEOS_DEPLOYMENT_TARGET = 8.1;
				MTL_ENABLE_DEBUG_INFO = YES;
				ONLY_ACTIVE_ARCH = YES;
				SDKROOT = iphoneos;
				SWIFT_OPTIMIZATION_LEVEL = "-Onone";
			};
			name = Debug;
		};
		BABC40611A3A237D0076D525 /* Release */ = {
			isa = XCBuildConfiguration;
			buildSettings = {
				ALWAYS_SEARCH_USER_PATHS = NO;
				CLANG_CXX_LANGUAGE_STANDARD = "gnu++0x";
				CLANG_CXX_LIBRARY = "libc++";
				CLANG_ENABLE_MODULES = YES;
				CLANG_ENABLE_OBJC_ARC = YES;
				CLANG_WARN_BOOL_CONVERSION = YES;
				CLANG_WARN_CONSTANT_CONVERSION = YES;
				CLANG_WARN_DIRECT_OBJC_ISA_USAGE = YES_ERROR;
				CLANG_WARN_EMPTY_BODY = YES;
				CLANG_WARN_ENUM_CONVERSION = YES;
				CLANG_WARN_INT_CONVERSION = YES;
				CLANG_WARN_OBJC_ROOT_CLASS = YES_ERROR;
				CLANG_WARN_UNREACHABLE_CODE = YES;
				CLANG_WARN__DUPLICATE_METHOD_MATCH = YES;
				"CODE_SIGN_IDENTITY[sdk=iphoneos*]" = "iPhone Developer";
				COPY_PHASE_STRIP = YES;
				ENABLE_NS_ASSERTIONS = NO;
				ENABLE_STRICT_OBJC_MSGSEND = YES;
				GCC_C_LANGUAGE_STANDARD = gnu99;
				GCC_WARN_64_TO_32_BIT_CONVERSION = YES;
				GCC_WARN_ABOUT_RETURN_TYPE = YES_ERROR;
				GCC_WARN_UNDECLARED_SELECTOR = YES;
				GCC_WARN_UNINITIALIZED_AUTOS = YES_AGGRESSIVE;
				GCC_WARN_UNUSED_FUNCTION = YES;
				GCC_WARN_UNUSED_VARIABLE = YES;
				IPHONEOS_DEPLOYMENT_TARGET = 8.1;
				MTL_ENABLE_DEBUG_INFO = NO;
				SDKROOT = iphoneos;
				VALIDATE_PRODUCT = YES;
			};
			name = Release;
		};
		BABC40631A3A237D0076D525 /* Debug */ = {
			isa = XCBuildConfiguration;
			buildSettings = {
				ASSETCATALOG_COMPILER_APPICON_NAME = AppIcon;
				CLANG_ENABLE_MODULES = YES;
				INFOPLIST_FILE = FlappyMunk/Info.plist;
				LD_RUNPATH_SEARCH_PATHS = "$(inherited) @executable_path/Frameworks";
				PRODUCT_NAME = "$(TARGET_NAME)";
				SWIFT_INSTALL_OBJC_HEADER = NO;
				SWIFT_OBJC_BRIDGING_HEADER = "";
				SWIFT_OPTIMIZATION_LEVEL = "-Onone";
			};
			name = Debug;
		};
		BABC40641A3A237D0076D525 /* Release */ = {
			isa = XCBuildConfiguration;
			buildSettings = {
				ASSETCATALOG_COMPILER_APPICON_NAME = AppIcon;
				CLANG_ENABLE_MODULES = YES;
				INFOPLIST_FILE = FlappyMunk/Info.plist;
				LD_RUNPATH_SEARCH_PATHS = "$(inherited) @executable_path/Frameworks";
				PRODUCT_NAME = "$(TARGET_NAME)";
				SWIFT_INSTALL_OBJC_HEADER = NO;
				SWIFT_OBJC_BRIDGING_HEADER = "";
			};
			name = Release;
		};
		BABC40661A3A237D0076D525 /* Debug */ = {
			isa = XCBuildConfiguration;
			buildSettings = {
				BUNDLE_LOADER = "$(TEST_HOST)";
				FRAMEWORK_SEARCH_PATHS = (
					"$(SDKROOT)/Developer/Library/Frameworks",
					"$(inherited)",
				);
				GCC_PREPROCESSOR_DEFINITIONS = (
					"DEBUG=1",
					"$(inherited)",
				);
				INFOPLIST_FILE = FlappyMunkTests/Info.plist;
				LD_RUNPATH_SEARCH_PATHS = "$(inherited) @executable_path/Frameworks @loader_path/Frameworks";
				PRODUCT_NAME = "$(TARGET_NAME)";
				TEST_HOST = "$(BUILT_PRODUCTS_DIR)/FlappyMunk.app/FlappyMunk";
			};
			name = Debug;
		};
		BABC40671A3A237D0076D525 /* Release */ = {
			isa = XCBuildConfiguration;
			buildSettings = {
				BUNDLE_LOADER = "$(TEST_HOST)";
				FRAMEWORK_SEARCH_PATHS = (
					"$(SDKROOT)/Developer/Library/Frameworks",
					"$(inherited)",
				);
				INFOPLIST_FILE = FlappyMunkTests/Info.plist;
				LD_RUNPATH_SEARCH_PATHS = "$(inherited) @executable_path/Frameworks @loader_path/Frameworks";
				PRODUCT_NAME = "$(TARGET_NAME)";
				TEST_HOST = "$(BUILT_PRODUCTS_DIR)/FlappyMunk.app/FlappyMunk";
			};
			name = Release;
		};
/* End XCBuildConfiguration section */

/* Begin XCConfigurationList section */
		BABC403A1A3A237D0076D525 /* Build configuration list for PBXProject "FlappyMunk" */ = {
			isa = XCConfigurationList;
			buildConfigurations = (
				BABC40601A3A237D0076D525 /* Debug */,
				BABC40611A3A237D0076D525 /* Release */,
			);
			defaultConfigurationIsVisible = 0;
			defaultConfigurationName = Release;
		};
		BABC40621A3A237D0076D525 /* Build configuration list for PBXNativeTarget "FlappyMunk" */ = {
			isa = XCConfigurationList;
			buildConfigurations = (
				BABC40631A3A237D0076D525 /* Debug */,
				BABC40641A3A237D0076D525 /* Release */,
			);
			defaultConfigurationIsVisible = 0;
			defaultConfigurationName = Release;
		};
		BABC40651A3A237D0076D525 /* Build configuration list for PBXNativeTarget "FlappyMunkTests" */ = {
			isa = XCConfigurationList;
			buildConfigurations = (
				BABC40661A3A237D0076D525 /* Debug */,
				BABC40671A3A237D0076D525 /* Release */,
			);
			defaultConfigurationIsVisible = 0;
			defaultConfigurationName = Release;
		};
/* End XCConfigurationList section */
	};
	rootObject = BABC40371A3A237D0076D525 /* Project object */;
}
